
Microsoft Visual Studio Solution File, Format Version 12.00
# Visual Studio Version 17
VisualStudioVersion = 17.5.002.0
MinimumVisualStudioVersion = 10.0.40219.1
Project("{9A19103F-16F7-4668-BE54-9A1E7A4F7556}") = "1", "1.csproj", "{C814E5AA-61DB-4ED7-8896-68D83C3031A2}"
EndProject
Global
	GlobalSection(SolutionConfigurationPlatforms) = preSolution
		Debug|Any CPU = Debug|Any CPU
		Release|Any CPU = Release|Any CPU
	EndGlobalSection
	GlobalSection(ProjectConfigurationPlatforms) = postSolution
		{C814E5AA-61DB-4ED7-8896-68D83C3031A2}.Debug|Any CPU.ActiveCfg = Debug|Any CPU
		{C814E5AA-61DB-4ED7-8896-68D83C3031A2}.Debug|Any CPU.Build.0 = Debug|Any CPU
		{C814E5AA-61DB-4ED7-8896-68D83C3031A2}.Release|Any CPU.ActiveCfg = Release|Any CPU
		{C814E5AA-61DB-4ED7-8896-68D83C3031A2}.Release|Any CPU.Build.0 = Release|Any CPU
	EndGlobalSection
	GlobalSection(SolutionProperties) = preSolution
		HideSolutionNode = FALSE
	EndGlobalSection
	GlobalSection(ExtensibilityGlobals) = postSolution
		SolutionGuid = {4772D9C1-6CA6-4403-BBC0-DDEA95A88AA2}
	EndGlobalSection
EndGlobal
